// !$*UTF8*$!
{
	archiveVersion = 1;
	classes = {
	};
	objectVersion = 50;
	objects = {

/* Begin PBXBuildFile section */
		4367E8A120B544B20047225C /* AppDelegate.swift in Sources */ = {isa = PBXBuildFile; fileRef = 4367E8A020B544B20047225C /* AppDelegate.swift */; };
		4367E8A320B544B20047225C /* art.scnassets in Resources */ = {isa = PBXBuildFile; fileRef = 4367E8A220B544B20047225C /* art.scnassets */; };
		4367E8A520B544B20047225C /* ViewController.swift in Sources */ = {isa = PBXBuildFile; fileRef = 4367E8A420B544B20047225C /* ViewController.swift */; };
		4367E8A820B544B20047225C /* Main.storyboard in Resources */ = {isa = PBXBuildFile; fileRef = 4367E8A620B544B20047225C /* Main.storyboard */; };
		4367E8AA20B544B40047225C /* Assets.xcassets in Resources */ = {isa = PBXBuildFile; fileRef = 4367E8A920B544B40047225C /* Assets.xcassets */; };
		4367E8AD20B544B40047225C /* LaunchScreen.storyboard in Resources */ = {isa = PBXBuildFile; fileRef = 4367E8AB20B544B40047225C /* LaunchScreen.storyboard */; };
		436F487820BC524F00A884FD /* jeans.png in Resources */ = {isa = PBXBuildFile; fileRef = 436F487720BC520B00A884FD /* jeans.png */; };
		436F487A20BC52E100A884FD /* abstract.png in Resources */ = {isa = PBXBuildFile; fileRef = 436F487920BC52E100A884FD /* abstract.png */; };
		438E540220B8272800C89516 /* Utilities.swift in Sources */ = {isa = PBXBuildFile; fileRef = 438E540120B8272800C89516 /* Utilities.swift */; };
		438E540420B8530500C89516 /* PlaneNode.swift in Sources */ = {isa = PBXBuildFile; fileRef = 438E540320B8530500C89516 /* PlaneNode.swift */; };
		438E540620B8690800C89516 /* tron_grid.png in Resources */ = {isa = PBXBuildFile; fileRef = 438E540520B8690800C89516 /* tron_grid.png */; };
/* End PBXBuildFile section */

/* Begin PBXFileReference section */
		4367E89D20B544B20047225C /* ARGameDemo.app */ = {isa = PBXFileReference; explicitFileType = wrapper.application; includeInIndex = 0; path = ARGameDemo.app; sourceTree = BUILT_PRODUCTS_DIR; };
		4367E8A020B544B20047225C /* AppDelegate.swift */ = {isa = PBXFileReference; lastKnownFileType = sourcecode.swift; path = AppDelegate.swift; sourceTree = "<group>"; };
		4367E8A220B544B20047225C /* art.scnassets */ = {isa = PBXFileReference; lastKnownFileType = wrapper.scnassets; path = art.scnassets; sourceTree = "<group>"; };
		4367E8A420B544B20047225C /* ViewController.swift */ = {isa = PBXFileReference; lastKnownFileType = sourcecode.swift; path = ViewController.swift; sourceTree = "<group>"; };
		4367E8A720B544B20047225C /* Base */ = {isa = PBXFileReference; lastKnownFileType = file.storyboard; name = Base; path = Base.lproj/Main.storyboard; sourceTree = "<group>"; };
		4367E8A920B544B40047225C /* Assets.xcassets */ = {isa = PBXFileReference; lastKnownFileType = folder.assetcatalog; path = Assets.xcassets; sourceTree = "<group>"; };
		4367E8AC20B544B40047225C /* Base */ = {isa = PBXFileReference; lastKnownFileType = file.storyboard; name = Base; path = Base.lproj/LaunchScreen.storyboard; sourceTree = "<group>"; };
		4367E8AE20B544B40047225C /* Info.plist */ = {isa = PBXFileReference; lastKnownFileType = text.plist.xml; path = Info.plist; sourceTree = "<group>"; };
		436F487720BC520B00A884FD /* jeans.png */ = {isa = PBXFileReference; lastKnownFileType = image.png; path = jeans.png; sourceTree = "<group>"; };
		436F487920BC52E100A884FD /* abstract.png */ = {isa = PBXFileReference; lastKnownFileType = image.png; path = abstract.png; sourceTree = "<group>"; };
		438E540120B8272800C89516 /* Utilities.swift */ = {isa = PBXFileReference; fileEncoding = 4; lastKnownFileType = sourcecode.swift; path = Utilities.swift; sourceTree = "<group>"; };
		438E540320B8530500C89516 /* PlaneNode.swift */ = {isa = PBXFileReference; lastKnownFileType = sourcecode.swift; path = PlaneNode.swift; sourceTree = "<group>"; };
		438E540520B8690800C89516 /* tron_grid.png */ = {isa = PBXFileReference; lastKnownFileType = image.png; path = tron_grid.png; sourceTree = "<group>"; };
/* End PBXFileReference section */

/* Begin PBXFrameworksBuildPhase section */
		4367E89A20B544B20047225C /* Frameworks */ = {
			isa = PBXFrameworksBuildPhase;
			buildActionMask = 2147483647;
			files = (
			);
			runOnlyForDeploymentPostprocessing = 0;
		};
/* End PBXFrameworksBuildPhase section */

/* Begin PBXGroup section */
		4367E89420B544B20047225C = {
			isa = PBXGroup;
			children = (
				4367E89F20B544B20047225C /* ARGameDemo */,
				4367E89E20B544B20047225C /* Products */,
			);
			sourceTree = "<group>";
		};
		4367E89E20B544B20047225C /* Products */ = {
			isa = PBXGroup;
			children = (
				4367E89D20B544B20047225C /* ARGameDemo.app */,
			);
			name = Products;
			sourceTree = "<group>";
		};
		4367E89F20B544B20047225C /* ARGameDemo */ = {
			isa = PBXGroup;
			children = (
				4367E8A020B544B20047225C /* AppDelegate.swift */,
				4367E8A220B544B20047225C /* art.scnassets */,
				4367E8A420B544B20047225C /* ViewController.swift */,
				436F487720BC520B00A884FD /* jeans.png */,
				436F487920BC52E100A884FD /* abstract.png */,
				438E540520B8690800C89516 /* tron_grid.png */,
				438E540320B8530500C89516 /* PlaneNode.swift */,
				438E540120B8272800C89516 /* Utilities.swift */,
				4367E8A620B544B20047225C /* Main.storyboard */,
				4367E8A920B544B40047225C /* Assets.xcassets */,
				4367E8AB20B544B40047225C /* LaunchScreen.storyboard */,
				4367E8AE20B544B40047225C /* Info.plist */,
			);
			path = ARGameDemo;
			sourceTree = "<group>";
		};
/* End PBXGroup section */

/* Begin PBXNativeTarget section */
		4367E89C20B544B20047225C /* ARGameDemo */ = {
			isa = PBXNativeTarget;
			buildConfigurationList = 4367E8B120B544B40047225C /* Build configuration list for PBXNativeTarget "ARGameDemo" */;
			buildPhases = (
				4367E89920B544B20047225C /* Sources */,
				4367E89A20B544B20047225C /* Frameworks */,
				4367E89B20B544B20047225C /* Resources */,
			);
			buildRules = (
			);
			dependencies = (
			);
			name = ARGameDemo;
			productName = ARGameDemo;
			productReference = 4367E89D20B544B20047225C /* ARGameDemo.app */;
			productType = "com.apple.product-type.application";
		};
/* End PBXNativeTarget section */

/* Begin PBXProject section */
		4367E89520B544B20047225C /* Project object */ = {
			isa = PBXProject;
			attributes = {
				LastSwiftUpdateCheck = 0930;
				LastUpgradeCheck = 0930;
				ORGANIZATIONNAME = "Alexey Pak";
				TargetAttributes = {
					4367E89C20B544B20047225C = {
						CreatedOnToolsVersion = 9.3.1;
					};
				};
			};
			buildConfigurationList = 4367E89820B544B20047225C /* Build configuration list for PBXProject "ARGameDemo" */;
			compatibilityVersion = "Xcode 9.3";
			developmentRegion = en;
			hasScannedForEncodings = 0;
			knownRegions = (
				en,
				Base,
			);
			mainGroup = 4367E89420B544B20047225C;
			productRefGroup = 4367E89E20B544B20047225C /* Products */;
			projectDirPath = "";
			projectRoot = "";
			targets = (
				4367E89C20B544B20047225C /* ARGameDemo */,
			);
		};
/* End PBXProject section */

/* Begin PBXResourcesBuildPhase section */
		4367E89B20B544B20047225C /* Resources */ = {
			isa = PBXResourcesBuildPhase;
			buildActionMask = 2147483647;
			files = (
				4367E8A320B544B20047225C /* art.scnassets in Resources */,
				436F487A20BC52E100A884FD /* abstract.png in Resources */,
				4367E8AD20B544B40047225C /* LaunchScreen.storyboard in Resources */,
				4367E8AA20B544B40047225C /* Assets.xcassets in Resources */,
				436F487820BC524F00A884FD /* jeans.png in Resources */,
				4367E8A820B544B20047225C /* Main.storyboard in Resources */,
				438E540620B8690800C89516 /* tron_grid.png in Resources */,
			);
			runOnlyForDeploymentPostprocessing = 0;
		};
/* End PBXResourcesBuildPhase section */

/* Begin PBXSourcesBuildPhase section */
		4367E89920B544B20047225C /* Sources */ = {
			isa = PBXSourcesBuildPhase;
			buildActionMask = 2147483647;
			files = (
				438E540420B8530500C89516 /* PlaneNode.swift in Sources */,
				438E540220B8272800C89516 /* Utilities.swift in Sources */,
				4367E8A520B544B20047225C /* ViewController.swift in Sources */,
				4367E8A120B544B20047225C /* AppDelegate.swift in Sources */,
			);
			runOnlyForDeploymentPostprocessing = 0;
		};
/* End PBXSourcesBuildPhase section */

/* Begin PBXVariantGroup section */
		4367E8A620B544B20047225C /* Main.storyboard */ = {
			isa = PBXVariantGroup;
			children = (
				4367E8A720B544B20047225C /* Base */,
			);
			name = Main.storyboard;
			sourceTree = "<group>";
		};
		4367E8AB20B544B40047225C /* LaunchScreen.storyboard */ = {
			isa = PBXVariantGroup;
			children = (
				4367E8AC20B544B40047225C /* Base */,
			);
			name = LaunchScreen.storyboard;
			sourceTree = "<group>";
		};
/* End PBXVariantGroup section */

/* Begin XCBuildConfiguration section */
		4367E8AF20B544B40047225C /* Debug */ = {
			isa = XCBuildConfiguration;
			buildSettings = {
				ALWAYS_SEARCH_USER_PATHS = NO;
				CLANG_ANALYZER_NONNULL = YES;
				CLANG_ANALYZER_NUMBER_OBJECT_CONVERSION = YES_AGGRESSIVE;
				CLANG_CXX_LANGUAGE_STANDARD = "gnu++14";
				CLANG_CXX_LIBRARY = "libc++";
				CLANG_ENABLE_MODULES = YES;
				CLANG_ENABLE_OBJC_ARC = YES;
				CLANG_ENABLE_OBJC_WEAK = YES;
				CLANG_WARN_BLOCK_CAPTURE_AUTORELEASING = YES;
				CLANG_WARN_BOOL_CONVERSION = YES;
				CLANG_WARN_COMMA = YES;
				CLANG_WARN_CONSTANT_CONVERSION = YES;
				CLANG_WARN_DEPRECATED_OBJC_IMPLEMENTATIONS = YES;
				CLANG_WARN_DIRECT_OBJC_ISA_USAGE = YES_ERROR;
				CLANG_WARN_DOCUMENTATION_COMMENTS = YES;
				CLANG_WARN_EMPTY_BODY = YES;
				CLANG_WARN_ENUM_CONVERSION = YES;
				CLANG_WARN_INFINITE_RECURSION = YES;
				CLANG_WARN_INT_CONVERSION = YES;
				CLANG_WARN_NON_LITERAL_NULL_CONVERSION = YES;
				CLANG_WARN_OBJC_IMPLICIT_RETAIN_SELF = YES;
				CLANG_WARN_OBJC_LITERAL_CONVERSION = YES;
				CLANG_WARN_OBJC_ROOT_CLASS = YES_ERROR;
				CLANG_WARN_RANGE_LOOP_ANALYSIS = YES;
				CLANG_WARN_STRICT_PROTOTYPES = YES;
				CLANG_WARN_SUSPICIOUS_MOVE = YES;
				CLANG_WARN_UNGUARDED_AVAILABILITY = YES_AGGRESSIVE;
				CLANG_WARN_UNREACHABLE_CODE = YES;
				CLANG_WARN__DUPLICATE_METHOD_MATCH = YES;
				CODE_SIGN_IDENTITY = "iPhone Developer";
				COPY_PHASE_STRIP = NO;
				DEBUG_INFORMATION_FORMAT = dwarf;
				ENABLE_STRICT_OBJC_MSGSEND = YES;
				ENABLE_TESTABILITY = YES;
				GCC_C_LANGUAGE_STANDARD = gnu11;
				GCC_DYNAMIC_NO_PIC = NO;
				GCC_NO_COMMON_BLOCKS = YES;
				GCC_OPTIMIZATION_LEVEL = 0;
				GCC_PREPROCESSOR_DEFINITIONS = (
					"DEBUG=1",
					"$(inherited)",
				);
				GCC_WARN_64_TO_32_BIT_CONVERSION = YES;
				GCC_WARN_ABOUT_RETURN_TYPE = YES_ERROR;
				GCC_WARN_UNDECLARED_SELECTOR = YES;
				GCC_WARN_UNINITIALIZED_AUTOS = YES_AGGRESSIVE;
				GCC_WARN_UNUSED_FUNCTION = YES;
				GCC_WARN_UNUSED_VARIABLE = YES;
				IPHONEOS_DEPLOYMENT_TARGET = 11.3;
				MTL_ENABLE_DEBUG_INFO = YES;
				ONLY_ACTIVE_ARCH = YES;
				SDKROOT = iphoneos;
				SWIFT_ACTIVE_COMPILATION_CONDITIONS = DEBUG;
				SWIFT_OPTIMIZATION_LEVEL = "-Onone";
			};
			name = Debug;
		};
		4367E8B020B544B40047225C /* Release */ = {
			isa = XCBuildConfiguration;
			buildSettings = {
				ALWAYS_SEARCH_USER_PATHS = NO;
				CLANG_ANALYZER_NONNULL = YES;
				CLANG_ANALYZER_NUMBER_OBJECT_CONVERSION = YES_AGGRESSIVE;
				CLANG_CXX_LANGUAGE_STANDARD = "gnu++14";
				CLANG_CXX_LIBRARY = "libc++";
				CLANG_ENABLE_MODULES = YES;
				CLANG_ENABLE_OBJC_ARC = YES;
				CLANG_ENABLE_OBJC_WEAK = YES;
				CLANG_WARN_BLOCK_CAPTURE_AUTORELEASING = YES;
				CLANG_WARN_BOOL_CONVERSION = YES;
				CLANG_WARN_COMMA = YES;
				CLANG_WARN_CONSTANT_CONVERSION = YES;
				CLANG_WARN_DEPRECATED_OBJC_IMPLEMENTATIONS = YES;
				CLANG_WARN_DIRECT_OBJC_ISA_USAGE = YES_ERROR;
				CLANG_WARN_DOCUMENTATION_COMMENTS = YES;
				CLANG_WARN_EMPTY_BODY = YES;
				CLANG_WARN_ENUM_CONVERSION = YES;
				CLANG_WARN_INFINITE_RECURSION = YES;
				CLANG_WARN_INT_CONVERSION = YES;
				CLANG_WARN_NON_LITERAL_NULL_CONVERSION = YES;
				CLANG_WARN_OBJC_IMPLICIT_RETAIN_SELF = YES;
				CLANG_WARN_OBJC_LITERAL_CONVERSION = YES;
				CLANG_WARN_OBJC_ROOT_CLASS = YES_ERROR;
				CLANG_WARN_RANGE_LOOP_ANALYSIS = YES;
				CLANG_WARN_STRICT_PROTOTYPES = YES;
				CLANG_WARN_SUSPICIOUS_MOVE = YES;
				CLANG_WARN_UNGUARDED_AVAILABILITY = YES_AGGRESSIVE;
				CLANG_WARN_UNREACHABLE_CODE = YES;
				CLANG_WARN__DUPLICATE_METHOD_MATCH = YES;
				CODE_SIGN_IDENTITY = "iPhone Developer";
				COPY_PHASE_STRIP = NO;
				DEBUG_INFORMATION_FORMAT = "dwarf-with-dsym";
				ENABLE_NS_ASSERTIONS = NO;
				ENABLE_STRICT_OBJC_MSGSEND = YES;
				GCC_C_LANGUAGE_STANDARD = gnu11;
				GCC_NO_COMMON_BLOCKS = YES;
				GCC_WARN_64_TO_32_BIT_CONVERSION = YES;
				GCC_WARN_ABOUT_RETURN_TYPE = YES_ERROR;
				GCC_WARN_UNDECLARED_SELECTOR = YES;
				GCC_WARN_UNINITIALIZED_AUTOS = YES_AGGRESSIVE;
				GCC_WARN_UNUSED_FUNCTION = YES;
				GCC_WARN_UNUSED_VARIABLE = YES;
				IPHONEOS_DEPLOYMENT_TARGET = 11.3;
				MTL_ENABLE_DEBUG_INFO = NO;
				SDKROOT = iphoneos;
				SWIFT_COMPILATION_MODE = wholemodule;
				SWIFT_OPTIMIZATION_LEVEL = "-O";
				VALIDATE_PRODUCT = YES;
			};
			name = Release;
		};
		4367E8B220B544B40047225C /* Debug */ = {
			isa = XCBuildConfiguration;
			buildSettings = {
				ASSETCATALOG_COMPILER_APPICON_NAME = AppIcon;
				CODE_SIGN_STYLE = Automatic;
				DEVELOPMENT_TEAM = 3A42PGL7M3;
				INFOPLIST_FILE = ARGameDemo/Info.plist;
				LD_RUNPATH_SEARCH_PATHS = (
					"$(inherited)",
					"@executable_path/Frameworks",
				);
				PRODUCT_BUNDLE_IDENTIFIER = "alexey-pak.ARGameDemo";
				PRODUCT_NAME = "$(TARGET_NAME)";
				SWIFT_VERSION = 4.0;
				TARGETED_DEVICE_FAMILY = "1,2";
			};
			name = Debug;
		};
		4367E8B320B544B40047225C /* Release */ = {
			isa = XCBuildConfiguration;
			buildSettings = {
				ASSETCATALOG_COMPILER_APPICON_NAME = AppIcon;
				CODE_SIGN_STYLE = Automatic;
				DEVELOPMENT_TEAM = 3A42PGL7M3;
				INFOPLIST_FILE = ARGameDemo/Info.plist;
				LD_RUNPATH_SEARCH_PATHS = (
					"$(inherited)",
					"@executable_path/Frameworks",
				);
				PRODUCT_BUNDLE_IDENTIFIER = "alexey-pak.ARGameDemo";
				PRODUCT_NAME = "$(TARGET_NAME)";
				SWIFT_VERSION = 4.0;
				TARGETED_DEVICE_FAMILY = "1,2";
			};
			name = Release;
		};
/* End XCBuildConfiguration section */

/* Begin XCConfigurationList section */
		4367E89820B544B20047225C /* Build configuration list for PBXProject "ARGameDemo" */ = {
			isa = XCConfigurationList;
			buildConfigurations = (
				4367E8AF20B544B40047225C /* Debug */,
				4367E8B020B544B40047225C /* Release */,
			);
			defaultConfigurationIsVisible = 0;
			defaultConfigurationName = Release;
		};
		4367E8B120B544B40047225C /* Build configuration list for PBXNativeTarget "ARGameDemo" */ = {
			isa = XCConfigurationList;
			buildConfigurations = (
				4367E8B220B544B40047225C /* Debug */,
				4367E8B320B544B40047225C /* Release */,
			);
			defaultConfigurationIsVisible = 0;
			defaultConfigurationName = Release;
		};
/* End XCConfigurationList section */
	};
	rootObject = 4367E89520B544B20047225C /* Project object */;
}
